
Microsoft Visual Studio Solution File, Format Version 12.00
Project("{FAE04EC0-301F-11D3-BF4B-00C04F79EFBC}") = "zad3", "zad3.csproj", "{24040807-2D25-4B0E-8768-ECDE673E4A44}"
EndProject
Global
	GlobalSection(SolutionConfigurationPlatforms) = preSolution
		Debug|Any CPU = Debug|Any CPU
		Release|Any CPU = Release|Any CPU
	EndGlobalSection
	GlobalSection(ProjectConfigurationPlatforms) = postSolution
		{24040807-2D25-4B0E-8768-ECDE673E4A44}.Debug|Any CPU.ActiveCfg = Debug|Any CPU
		{24040807-2D25-4B0E-8768-ECDE673E4A44}.Debug|Any CPU.Build.0 = Debug|Any CPU
		{24040807-2D25-4B0E-8768-ECDE673E4A44}.Release|Any CPU.ActiveCfg = Release|Any CPU
		{24040807-2D25-4B0E-8768-ECDE673E4A44}.Release|Any CPU.Build.0 = Release|Any CPU
	EndGlobalSection
EndGlobal
